
Microsoft Visual Studio Solution File, Format Version 12.00
# Visual Studio Version 17
VisualStudioVersion = 17.6.33801.468
MinimumVisualStudioVersion = 10.0.40219.1
Project("{FAE04EC0-301F-11D3-BF4B-00C04F79EFBC}") = "batch-data", "batch-data.csproj", "{7364F246-9D80-4A2F-B4CC-5618E7E1C36F}"
EndProject
Global
	GlobalSection(SolutionConfigurationPlatforms) = preSolution
		Debug|Any CPU = Debug|Any CPU
		Release|Any CPU = Release|Any CPU
	EndGlobalSection
	GlobalSection(ProjectConfigurationPlatforms) = postSolution
		{7364F246-9D80-4A2F-B4CC-5618E7E1C36F}.Debug|Any CPU.ActiveCfg = Debug|Any CPU
		{7364F246-9D80-4A2F-B4CC-5618E7E1C36F}.Debug|Any CPU.Build.0 = Debug|Any CPU
		{7364F246-9D80-4A2F-B4CC-5618E7E1C36F}.Release|Any CPU.ActiveCfg = Release|Any CPU
		{7364F246-9D80-4A2F-B4CC-5618E7E1C36F}.Release|Any CPU.Build.0 = Release|Any CPU
	EndGlobalSection
	GlobalSection(SolutionProperties) = preSolution
		HideSolutionNode = FALSE
	EndGlobalSection
	GlobalSection(ExtensibilityGlobals) = postSolution
		SolutionGuid = {5BDB9C59-F13F-4BCD-9EED-43A03965A788}
	EndGlobalSection
EndGlobal
